github.com/GIGTennis/gig_utils_go v0.0.89 h1:i0nvT901Vfzq0Ak9yk/aZdZuxNjgJQYXGtVAP0BdrqE=
github.com/GIGTennis/gig_utils_go v0.0.89/go.mod h1:HvwrMgdx7IDYnefof11N7jGkR+shroqB39hrRnBbF0E=
github.com/andybalholm/brotli v1.1.0 h1:eLKJA0d02Lf0mVpIDgYnqXcUn0GqVmEFny3VuID1U3M=
github.com/andybalholm/brotli v1.1.0/go.mod h1:sms7XGricyQI9K10gOSf56VKKWS4oLer58Q+mhRPtnY=
github.com/aws/aws-lambda-go v1.55.0 h1:D+AUkk49hTldMnv+Ydt+/jdWVXWPsp8hlwY6Enob2FM=
github.com/aws/aws-lambda-go v1.55.0/go.mod h1:V+NzkHNR6vBC8C1PDloqSLE+7jYWFiPvJJFiCiTm8nE=
github.com/aws/aws-sdk-go-v2 v1.41.0 h1:tNvqh1s+v0vFYdA1xq0aOJH+Y5cRyZ5upu6roPgPKd4=
github.com/aws/aws-sdk-go-v2 v1.41.0/go.mod h1:MayyLB8y+buD9hZqkCW3kX1AKq07Y5pXxtgB+rRFhz0=
github.com/aws/aws-sdk-go-v2/aws/protocol/eventstream v1.7.4 h1:489krEF9xIGkOaaX3CE/Be2uWjiXrkCH6gUX+bZA/BU=
github.com/aws/aws-sdk-go-v2/aws/protocol/eventstream v1.7.4/go.mod h1:IOAPF6oT9KCsceNTvvYMNHy0+kMF8akOjeDvPENWxp4=
github.com/aws/aws-sdk-go-v2/config v1.31.8 h1:kQjtOLlTU4m4A64TsRcqwNChhGCwaPBt+zCQt/oWsHU=
github.com/aws/aws-sdk-go-v2/config v1.31.8/go.mod h1:QPpc7IgljrKwH0+E6/KolCgr4WPLerURiU592AYzfSY=
github.com/aws/aws-sdk-go-v2/credentials v1.18.12 h1:zmc9e1q90wMn8wQbjryy8IwA6Q4XlaL9Bx2zIqdNNbk=
github.com/aws/aws-sdk-go-v2/credentials v1.18.12/go.mod h1:3VzdRDR5u3sSJRI4kYcOSIBbeYsgtVk7dG5R/U6qLWY=
github.com/aws/aws-sdk-go-v2/feature/dynamodb/attributevalue v1.20.23 h1:lbCh6aGAGHC/tZn30uaB5C1Txr5nRMr86ObRrDRZTYU=
github.com/aws/aws-sdk-go-v2/feature/dynamodb/attributevalue v1.20.23/go.mod h1:JX1mhxc+O8hXWVVoA+gh9Y2iDLEY3AQQ2/Ix6dQKnQQ=
github.com/aws/aws-sdk-go-v2/feature/dynamodb/expression v1.8.23 h1:D78WChe5q84FE4dOD/WXZAKe8T0j61ub52AGtTg75jc=
github.com/aws/aws-sdk-go-v2/feature/dynamodb/expression v1.8.23/go.mod h1:YxtV8bThx8I95NuP5aAq8qszVUfAcaFehk6z+17aejo=
github.com/aws/aws-sdk-go-v2/feature/ec2/imds v1.18.7 h1:Is2tPmieqGS2edBnmOJIbdvOA6Op+rRpaYR60iBAwXM=
github.com/aws/aws-sdk-go-v2/feature/ec2/imds v1.18.7/go.mod h1:F1i5V5421EGci570yABvpIXgRIBPb5JM+lSkHF6Dq5w=
github.com/aws/aws-sdk-go-v2/feature/s3/manager v1.19.6 h1:bByPm7VcaAgeT2+z5m0Lj5HDzm+g9AwbA3WFx2hPby0=
github.com/aws/aws-sdk-go-v2/feature/s3/manager v1.19.6/go.mod h1:PhTe8fR8aFW0wDc6IV9BHeIzXhpv3q6AaVHnqiv5Pyc=
github.com/aws/aws-sdk-go-v2/internal/configsources v1.4.16 h1:rgGwPzb82iBYSvHMHXc8h9mRoOUBZIGFgKb9qniaZZc=
github.com/aws/aws-sdk-go-v2/internal/configsources v1.4.16/go.mod h1:L/UxsGeKpGoIj6DxfhOWHWQ/kGKcd4I1VncE4++IyKA=
github.com/aws/aws-sdk-go-v2/internal/endpoints/v2 v2.7.16 h1:1jtGzuV7c82xnqOVfx2F0xmJcOw5374L7N6juGW6x6U=
github.com/aws/aws-sdk-go-v2/internal/endpoints/v2 v2.7.16/go.mod h1:M2E5OQf+XLe+SZGmmpaI2yy+J326aFf6/+54PoxSANc=
github.com/aws/aws-sdk-go-v2/internal/ini v1.8.3 h1:bIqFDwgGXXN1Kpp99pDOdKMTTb5d2KyU5X/BZxjOkRo=
github.com/aws/aws-sdk-go-v2/internal/ini v1.8.3/go.mod h1:H5O/EsxDWyU+LP/V8i5sm8cxoZgc2fdNR9bxlOFrQTo=
github.com/aws/aws-sdk-go-v2/internal/v4a v1.4.7 h1:BszAktdUo2xlzmYHjWMq70DqJ7cROM8iBd3f6hrpuMQ=
github.com/aws/aws-sdk-go-v2/internal/v4a v1.4.7/go.mod h1:XJ1yHki/P7ZPuG4fd3f0Pg/dSGA2cTQBCLw82MH2H48=
github.com/aws/aws-sdk-go-v2/service/cloudwatch v1.53.0 h1:XY6wKzfriEF+V8bFYFi1S3i8ly+Zetq/RuPyaGdMMzE=
github.com/aws/aws-sdk-go-v2/service/cloudwatch v1.53.0/go.mod h1:zUms+kt0awoSYh/MwI9d3AV5xMHIDRf7I736b1Drw/k=
github.com/aws/aws-sdk-go-v2/service/cloudwatchlogs v1.63.0 h1:vEc1y56GbepIC0/NsYfFn4splRMNXgJTTG3G1B/6Ov0=
github.com/aws/aws-sdk-go-v2/service/cloudwatchlogs v1.63.0/go.mod h1:ESQxVIp7hs1MdsdEF4KITf65SfM3fh/EEiYi+s0S/pE=
github.com/aws/aws-sdk-go-v2/service/cognitoidentityprovider v1.57.17 h1:kYAxFlyBhmhdjel6MNFf5lYQlTcMUOXPC33mor8rFz0=
github.com/aws/aws-sdk-go-v2/service/cognitoidentityprovider v1.57.17/go.mod h1:NSRHRisUPKx5y8RD+HpeCjIn8SYz5m6HhNGkd0GLB1o=
github.com/aws/aws-sdk-go-v2/service/dynamodb v1.52.6 h1:jlPkBSbMSpqVk47u9kqblihtXlmzYv3ZFXtuNKUNwDc=
github.com/aws/aws-sdk-go-v2/service/dynamodb v1.52.6/go.mod h1:6eUUnWOJ8sucL5Uk8rPkFo8FYioM0CTNGHga8hwzXVc=
github.com/aws/aws-sdk-go-v2/service/dynamodbstreams v1.32.4 h1:/uHlzAMroQ8CDKyCxC0sTgZKQNZUoG9USaWQ8PT3fG4=
github.com/aws/aws-sdk-go-v2/service/dynamodbstreams v1.32.4/go.mod h1:nZ9KOFbkwpJtaM4VaBI+Jh6b3QrAyRX/k2hcNogeUZc=
github.com/aws/aws-sdk-go-v2/service/internal/accept-encoding v1.13.3 h1:x2Ibm/Af8Fi+BH+Hsn9TXGdT+hKbDd5XOTZxTMxDk7o=
github.com/aws/aws-sdk-go-v2/service/internal/accept-encoding v1.13.3/go.mod h1:IW1jwyrQgMdhisceG8fQLmQIydcT/jWY21rFhzgaKwo=
github.com/aws/aws-sdk-go-v2/service/internal/checksum v1.8.7 h1:zmZ8qvtE9chfhBPuKB2aQFxW5F/rpwXUgmcVCgQzqRw=
github.com/aws/aws-sdk-go-v2/service/internal/checksum v1.8.7/go.mod h1:vVYfbpd2l+pKqlSIDIOgouxNsGu5il9uDp0ooWb0jys=
github.com/aws/aws-sdk-go-v2/service/internal/endpoint-discovery v1.11.13 h1:FScsqdRyKFkw3u2ysLeWC0dbaz9I+g0xJ1JlQpH6bPo=
github.com/aws/aws-sdk-go-v2/service/internal/endpoint-discovery v1.11.13/go.mod h1:wkhwIaGltEuG4SRwNzPiJmf/tDp+yL5ym55Lt4bheno=
github.com/aws/aws-sdk-go-v2/service/internal/presigned-url v1.13.7 h1:mLgc5QIgOy26qyh5bvW+nDoAppxgn3J2WV3m9ewq7+8=
github.com/aws/aws-sdk-go-v2/service/internal/presigned-url v1.13.7/go.mod h1:wXb/eQnqt8mDQIQTTmcw58B5mYGxzLGZGK8PWNFZ0BA=
github.com/aws/aws-sdk-go-v2/service/internal/s3shared v1.19.7 h1:u3VbDKUCWarWiU+aIUK4gjTr/wQFXV17y3hgNno9fcA=
github.com/aws/aws-sdk-go-v2/service/internal/s3shared v1.19.7/go.mod h1:/OuMQwhSyRapYxq6ZNpPer8juGNrB4P5Oz8bZ2cgjQE=
github.com/aws/aws-sdk-go-v2/service/lambda v1.87.0 h1:E5UXxF3vK3JuViwKCHfTJBIiFjvE4aytSucZjI2UAlQ=
github.com/aws/aws-sdk-go-v2/service/lambda v1.87.0/go.mod h1:6f64Y1BEf6e1uCI+LtGbcZSKDK1GvgJ+iI4vP/bbE8s=
github.com/aws/aws-sdk-go-v2/service/s3 v1.88.1 h1:+RpGuaQ72qnU83qBKVwxkznewEdAGhIWo/PQCmkhhog=
github.com/aws/aws-sdk-go-v2/service/s3 v1.88.1/go.mod h1:xajPTguLoeQMAOE44AAP2RQoUhF8ey1g5IFHARv71po=
github.com/aws/aws-sdk-go-v2/service/secretsmanager v1.39.13 h1:fObpETM4TWD58Uqp9QiMVnYP7gT/IT3r/D+5m/K5MdI=
github.com/aws/aws-sdk-go-v2/service/secretsmanager v1.39.13/go.mod h1:QgVIY03/XoQs2iFr0MbQuQ/Tf1RwlkOvuySWMh1wph4=
github.com/aws/aws-sdk-go-v2/service/sfn v1.39.9 h1:FZTe9s8//1/Jkqv3sVr8tniGlTFcJ5uzlQ8U9mxjJcM=
github.com/aws/aws-sdk-go-v2/service/sfn v1.39.9/go.mod h1:StRwvDss4r0MybsNLkTkQ2+HOj89+k8BBVAVZew5//o=
github.com/aws/aws-sdk-go-v2/service/sso v1.29.3 h1:7PKX3VYsZ8LUWceVRuv0+PU+E7OtQb1lgmi5vmUE9CM=
github.com/aws/aws-sdk-go-v2/service/sso v1.29.3/go.mod h1:Ql6jE9kyyWI5JHn+61UT/Y5Z0oyVJGmgmJbZD5g4unY=
github.com/aws/aws-sdk-go-v2/service/ssooidc v1.34.4 h1:e0XBRn3AptQotkyBFrHAxFB8mDhAIOfsG+7KyJ0dg98=
github.com/aws/aws-sdk-go-v2/service/ssooidc v1.34.4/go.mod h1:XclEty74bsGBCr1s0VSaA11hQ4ZidK4viWK7rRfO88I=
github.com/aws/aws-sdk-go-v2/service/sts v1.38.4 h1:PR00NXRYgY4FWHqOGx3fC3lhVKjsp1GdloDv2ynMSd8=
github.com/aws/aws-sdk-go-v2/service/sts v1.38.4/go.mod h1:Z+Gd23v97pX9zK97+tX4ppAgqCt3Z2dIXB02CtBncK8=
github.com/aws/smithy-go v1.24.0 h1:LpilSUItNPFr1eY85RYgTIg5eIEPtvFbskaFcmmIUnk=
github.com/aws/smithy-go v1.24.0/go.mod h1:LEj2LM3rBRQJxPZTB4KuzZkaZYnZPnvgIhb4pu07mx0=
github.com/bsm/ginkgo/v2 v2.12.0 h1:Ny8MWAHyOepLGlLKYmXG4IEkioBysk6GpaRTLC8zwWs=
github.com/bsm/ginkgo/v2 v2.12.0/go.mod h1:SwYbGRRDovPVboqFv0tPTcG1sN61LM1Z4ARdbAV9g4c=
github.com/bsm/gomega v1.27.10 h1:yeMWxP2pV2fG3FgAODIY8EiRE3dy0aeFYt4l7wh6yKA=
github.com/bsm/gomega v1.27.10/go.mod h1:JyEr/xRbxbtgWNi8tIEVPUYZ5Dzef52k01W3YH0H+O0=
github.com/cespare/xxhash/v2 v2.3.0 h1:UL815xU9SqsFlibzuggzjXhog7bL6oX9BbNZnL2UFvs=
github.com/cespare/xxhash/v2 v2.3.0/go.mod h1:VGX0DQ3Q6kWi7AoAeZDth3/j3BFtOZR5XLFGgcrjCOs=
github.com/coreos/go-systemd/v22 v22.5.0/go.mod h1:Y58oyj3AT4RCenI/lSvhwexgC+NSVTIJ3seZv2GcEnc=
github.com/davecgh/go-spew v1.1.1 h1:vj9j/u1bqnvCEfJOwUhtlOARqs3+rkHYY13jYWTU97c=
github.com/davecgh/go-spew v1.1.1/go.mod h1:J7Y8YcW2NihsgmVo/mv3lAwl/skON4iLHjSsI+c5H38=
github.com/dgryski/go-rendezvous v0.0.0-20200823014737-9f7001d12a5f h1:lO4WD4F/rVNCu3HqELle0jiPLLBs70cWOduZpkS1E78=
github.com/dgryski/go-rendezvous v0.0.0-20200823014737-9f7001d12a5f/go.mod h1:cuUVRXasLTGF7a8hSLbxyZXjz+1KgoB3wDUb6vlszIc=
github.com/godbus/dbus/v5 v5.0.4/go.mod h1:xhWf0FNVPg57R7Z0UbKHbJfkEywrmjJnf7w5xrFpKfA=
github.com/gofiber/fiber/v2 v2.52.15 h1:Cov1uKeVPyu9q0jSrN60W+A8XNX+/WK8J7cy5osHLIk=
github.com/gofiber/fiber/v2 v2.52.15/go.mod h1:YEcBbO/FB+5M1IZNBP9FO3J9281zgPAreiI1oqg8nDw=
github.com/google/uuid v1.6.0 h1:NIvaJDMOsjHA8n1jAhLSgzrAzy1Hgr+hNrb57e+94F0=
github.com/google/uuid v1.6.0/go.mod h1:TIyPZe4MgqvfeYDBFedMoGGpEw/LqOeaOT+nhxU+yHo=
github.com/klauspost/compress v1.18.0 h1:c/Cqfb0r+Yi+JtIEq73FWXVkRonBlf0CRNYc8Zttxdo=
github.com/klauspost/compress v1.18.0/go.mod h1:2Pp+KzxcywXVXMr50+X0Q/Lsb43OQHYWRCY2AiWywWQ=
github.com/mattn/go-colorable v0.1.13 h1:fFA4WZxdEF4tXPZVKMLwD8oUnCTTo08duU7wxecdEvA=
github.com/mattn/go-colorable v0.1.13/go.mod h1:7S9/ev0klgBDR4GtXTXX8a3vIGJpMovkB8vQcUbaXHg=
github.com/mattn/go-isatty v0.0.16/go.mod h1:kYGgaQfpe5nmfYZH+SKPsOc2e4SrIfOl2e/yFXSvRLM=
github.com/mattn/go-isatty v0.0.19/go.mod h1:W+V8PltTTMOvKvAeJH7IuucS94S2C6jfK/D7dTCTo3Y=
github.com/mattn/go-isatty v0.0.20 h1:xfD0iDuEKnDkl03q4limB+vH+GxLEtL/jb4xVJSWWEY=
github.com/mattn/go-isatty v0.0.20/go.mod h1:W+V8PltTTMOvKvAeJH7IuucS94S2C6jfK/D7dTCTo3Y=
github.com/mattn/go-runewidth v0.0.16 h1:E5ScNMtiwvlvB5paMFdw9p4kSQzbXFikJ5SQO6TULQc=
github.com/mattn/go-runewidth v0.0.16/go.mod h1:Jdepj2loyihRzMpdS35Xk/zdY8IAYHsh153qUoGf23w=
github.com/pkg/errors v0.9.1/go.mod h1:bwawxfHBFNV+L2hUp1rHADufV3IMtnDRdf1r5NINEl0=
github.com/pmezard/go-difflib v1.0.0 h1:4DBwDE0NGyQoBHbLQYPwSUPoCMWR5BEzIk/f1lZbAQM=
github.com/pmezard/go-difflib v1.0.0/go.mod h1:iKH77koFhYxTK1pcRnkKkqfTogsbg7gZNVY4sRDYZ/4=
github.com/redis/go-redis/v9 v9.17.0 h1:K6E+ZlYN95KSMmZeEQPbU/c++wfmEvfFB17yEAq/VhM=
github.com/redis/go-redis/v9 v9.17.0/go.mod h1:u410H11HMLoB+TP67dz8rL9s6QW2j76l0//kSOd3370=
github.com/rivo/uniseg v0.2.0 h1:S1pD9weZBuJdFmowNwbpi7BJ8TNftyUImj/0WQi72jY=
github.com/rivo/uniseg v0.2.0/go.mod h1:J6wj4VEh+S6ZtnVlnTBMWIodfgj8LQOQFoIToxlJtxc=
github.com/rs/xid v1.6.0/go.mod h1:7XoLgs4eV+QndskICGsho+ADou8ySMSjJKDIan90Nz0=
github.com/rs/zerolog v1.34.0 h1:k43nTLIwcTVQAncfCw4KZ2VY6ukYoZaBPNOE8txlOeY=
github.com/rs/zerolog v1.34.0/go.mod h1:bJsvje4Z08ROH4Nhs5iH600c3IkWhwp44iRc54W6wYQ=
github.com/stretchr/testify v1.7.2 h1:4jaiDzPyXQvSd7D0EjG45355tLlV3VOECpq10pLC+8s=
github.com/stretchr/testify v1.7.2/go.mod h1:R6va5+xMeoiuVRoj+gSkQ7d3FALtqAAGI1FQKckRals=
github.com/valyala/bytebufferpool v1.0.0 h1:GqA5TC/0021Y/b9FG4Oi9Mr3q7XYx6KllzawFIhcdPw=
github.com/valyala/bytebufferpool v1.0.0/go.mod h1:6bBcMArwyJ5K/AmCkWv1jt77kVWyCJ6HpOuEn7z0Csc=
github.com/valyala/fasthttp v1.51.0 h1:8b30A5JlZ6C7AS81RsWjYMQmrZG6feChmgAolCl1SqA=
github.com/valyala/fasthttp v1.51.0/go.mod h1:oI2XroL+lI7vdXyYoQk03bXBThfFl2cVdIA3Xl7cH8g=
github.com/valyala/tcplisten v1.0.0 h1:rBHj/Xf+E1tRGZyWIWwJDiRY0zc1Js+CV5DqwacVSA8=
github.com/valyala/tcplisten v1.0.0/go.mod h1:T0xQ8SeCZGxckz9qRXTfG43PvQ/mcWh7FwZEA7Ioqkc=
golang.org/x/sys v0.0.0-20220811171246-fbc7d0a398ab/go.mod h1:oPkhp1MJrh7nUepCBck5+mAzfO9JrbApNNgaTdGDITg=
golang.org/x/sys v0.6.0/go.mod h1:oPkhp1MJrh7nUepCBck5+mAzfO9JrbApNNgaTdGDITg=
golang.org/x/sys v0.12.0/go.mod h1:oPkhp1MJrh7nUepCBck5+mAzfO9JrbApNNgaTdGDITg=
golang.org/x/sys v0.37.0 h1:fdNQudmxPjkdUTPnLn5mdQv7Zwvbvpaxqs831goi9kQ=
golang.org/x/sys v0.37.0/go.mod h1:OgkHotnGiDImocRcuBABYBEXf8A9a87e/uXjp9XT3ks=
gopkg.in/yaml.v3 v3.0.1 h1:fxVm/GzAzEWqLHuvctI91KS9hhNmmWOoWu0XTYJS7CA=
gopkg.in/yaml.v3 v3.0.1/go.mod h1:K4uyk7z7BCEPqu6E+C64Yfv1cQ7kz7rIZviUmN+EgEM=
